
Microsoft Visual Studio Solution File, Format Version 12.00
# Visual Studio Version 16
VisualStudioVersion = 16.0.29926.136
MinimumVisualStudioVersion = 15.0.26124.0
Project("{2150E333-8FDC-42A3-9474-1A3956D46DE8}") = "src", "src", "{2EBDC6C0-3343-4139-B893-A68811B9A1E3}"
EndProject
Project("{9A19103F-16F7-4668-BE54-9A1E7A4F7556}") = "blazor-web-assembly", "src\blazor-web-assembly\blazor-web-assembly.csproj", "{1408C926-03C1-4D70-AC25-0DA92FD1D620}"
EndProject
Project("{9A19103F-16F7-4668-BE54-9A1E7A4F7556}") = "HRM.Server", "src\Blazor.Pluralsight\HRM.Server.csproj", "{B141CEEE-E53C-4098-98B1-C2F505D89874}"
EndProject
Project("{9A19103F-16F7-4668-BE54-9A1E7A4F7556}") = "HRM.Api", "src\Blazor.Pluralsight.Api\HRM.Api.csproj", "{62F97816-59AB-4A02-AC8B-141B623EA748}"
EndProject
Project("{9A19103F-16F7-4668-BE54-9A1E7A4F7556}") = "HRM.Shared", "src\HRM.Shared\HRM.Shared.csproj", "{525F4333-3259-4D99-9D09-D783F3737873}"
EndProject
Global
	GlobalSection(SolutionConfigurationPlatforms) = preSolution
		Debug|Any CPU = Debug|Any CPU
		Debug|x64 = Debug|x64
		Debug|x86 = Debug|x86
		Release|Any CPU = Release|Any CPU
		Release|x64 = Release|x64
		Release|x86 = Release|x86
	EndGlobalSection
	GlobalSection(ProjectConfigurationPlatforms) = postSolution
		{1408C926-03C1-4D70-AC25-0DA92FD1D620}.Debug|Any CPU.ActiveCfg = Debug|Any CPU
		{1408C926-03C1-4D70-AC25-0DA92FD1D620}.Debug|Any CPU.Build.0 = Debug|Any CPU
		{1408C926-03C1-4D70-AC25-0DA92FD1D620}.Debug|x64.ActiveCfg = Debug|Any CPU
		{1408C926-03C1-4D70-AC25-0DA92FD1D620}.Debug|x64.Build.0 = Debug|Any CPU
		{1408C926-03C1-4D70-AC25-0DA92FD1D620}.Debug|x86.ActiveCfg = Debug|Any CPU
		{1408C926-03C1-4D70-AC25-0DA92FD1D620}.Debug|x86.Build.0 = Debug|Any CPU
		{1408C926-03C1-4D70-AC25-0DA92FD1D620}.Release|Any CPU.ActiveCfg = Release|Any CPU
		{1408C926-03C1-4D70-AC25-0DA92FD1D620}.Release|Any CPU.Build.0 = Release|Any CPU
		{1408C926-03C1-4D70-AC25-0DA92FD1D620}.Release|x64.ActiveCfg = Release|Any CPU
		{1408C926-03C1-4D70-AC25-0DA92FD1D620}.Release|x64.Build.0 = Release|Any CPU
		{1408C926-03C1-4D70-AC25-0DA92FD1D620}.Release|x86.ActiveCfg = Release|Any CPU
		{1408C926-03C1-4D70-AC25-0DA92FD1D620}.Release|x86.Build.0 = Release|Any CPU
		{B141CEEE-E53C-4098-98B1-C2F505D89874}.Debug|Any CPU.ActiveCfg = Debug|Any CPU
		{B141CEEE-E53C-4098-98B1-C2F505D89874}.Debug|Any CPU.Build.0 = Debug|Any CPU
		{B141CEEE-E53C-4098-98B1-C2F505D89874}.Debug|x64.ActiveCfg = Debug|Any CPU
		{B141CEEE-E53C-4098-98B1-C2F505D89874}.Debug|x64.Build.0 = Debug|Any CPU
		{B141CEEE-E53C-4098-98B1-C2F505D89874}.Debug|x86.ActiveCfg = Debug|Any CPU
		{B141CEEE-E53C-4098-98B1-C2F505D89874}.Debug|x86.Build.0 = Debug|Any CPU
		{B141CEEE-E53C-4098-98B1-C2F505D89874}.Release|Any CPU.ActiveCfg = Release|Any CPU
		{B141CEEE-E53C-4098-98B1-C2F505D89874}.Release|Any CPU.Build.0 = Release|Any CPU
		{B141CEEE-E53C-4098-98B1-C2F505D89874}.Release|x64.ActiveCfg = Release|Any CPU
		{B141CEEE-E53C-4098-98B1-C2F505D89874}.Release|x64.Build.0 = Release|Any CPU
		{B141CEEE-E53C-4098-98B1-C2F505D89874}.Release|x86.ActiveCfg = Release|Any CPU
		{B141CEEE-E53C-4098-98B1-C2F505D89874}.Release|x86.Build.0 = Release|Any CPU
		{62F97816-59AB-4A02-AC8B-141B623EA748}.Debug|Any CPU.ActiveCfg = Debug|Any CPU
		{62F97816-59AB-4A02-AC8B-141B623EA748}.Debug|Any CPU.Build.0 = Debug|Any CPU
		{62F97816-59AB-4A02-AC8B-141B623EA748}.Debug|x64.ActiveCfg = Debug|Any CPU
		{62F97816-59AB-4A02-AC8B-141B623EA748}.Debug|x64.Build.0 = Debug|Any CPU
		{62F97816-59AB-4A02-AC8B-141B623EA748}.Debug|x86.ActiveCfg = Debug|Any CPU
		{62F97816-59AB-4A02-AC8B-141B623EA748}.Debug|x86.Build.0 = Debug|Any CPU
		{62F97816-59AB-4A02-AC8B-141B623EA748}.Release|Any CPU.ActiveCfg = Release|Any CPU
		{62F97816-59AB-4A02-AC8B-141B623EA748}.Release|Any CPU.Build.0 = Release|Any CPU
		{62F97816-59AB-4A02-AC8B-141B623EA748}.Release|x64.ActiveCfg = Release|Any CPU
		{62F97816-59AB-4A02-AC8B-141B623EA748}.Release|x64.Build.0 = Release|Any CPU
		{62F97816-59AB-4A02-AC8B-141B623EA748}.Release|x86.ActiveCfg = Release|Any CPU
		{62F97816-59AB-4A02-AC8B-141B623EA748}.Release|x86.Build.0 = Release|Any CPU
		{525F4333-3259-4D99-9D09-D783F3737873}.Debug|Any CPU.ActiveCfg = Debug|Any CPU
		{525F4333-3259-4D99-9D09-D783F3737873}.Debug|Any CPU.Build.0 = Debug|Any CPU
		{525F4333-3259-4D99-9D09-D783F3737873}.Debug|x64.ActiveCfg = Debug|Any CPU
		{525F4333-3259-4D99-9D09-D783F3737873}.Debug|x64.Build.0 = Debug|Any CPU
		{525F4333-3259-4D99-9D09-D783F3737873}.Debug|x86.ActiveCfg = Debug|Any CPU
		{525F4333-3259-4D99-9D09-D783F3737873}.Debug|x86.Build.0 = Debug|Any CPU
		{525F4333-3259-4D99-9D09-D783F3737873}.Release|Any CPU.ActiveCfg = Release|Any CPU
		{525F4333-3259-4D99-9D09-D783F3737873}.Release|Any CPU.Build.0 = Release|Any CPU
		{525F4333-3259-4D99-9D09-D783F3737873}.Release|x64.ActiveCfg = Release|Any CPU
		{525F4333-3259-4D99-9D09-D783F3737873}.Release|x64.Build.0 = Release|Any CPU
		{525F4333-3259-4D99-9D09-D783F3737873}.Release|x86.ActiveCfg = Release|Any CPU
		{525F4333-3259-4D99-9D09-D783F3737873}.Release|x86.Build.0 = Release|Any CPU
	EndGlobalSection
	GlobalSection(SolutionProperties) = preSolution
		HideSolutionNode = FALSE
	EndGlobalSection
	GlobalSection(NestedProjects) = preSolution
		{1408C926-03C1-4D70-AC25-0DA92FD1D620} = {2EBDC6C0-3343-4139-B893-A68811B9A1E3}
		{B141CEEE-E53C-4098-98B1-C2F505D89874} = {2EBDC6C0-3343-4139-B893-A68811B9A1E3}
		{62F97816-59AB-4A02-AC8B-141B623EA748} = {2EBDC6C0-3343-4139-B893-A68811B9A1E3}
		{525F4333-3259-4D99-9D09-D783F3737873} = {2EBDC6C0-3343-4139-B893-A68811B9A1E3}
	EndGlobalSection
	GlobalSection(ExtensibilityGlobals) = postSolution
		SolutionGuid = {14178CBE-2A75-4DB8-9C4F-44B3F988B49D}
	EndGlobalSection
EndGlobal
